{
    "_readme": [
        "This file locks the dependencies of your project to a known state",
        "Read more about it at https://getcomposer.org/doc/01-basic-usage.md#installing-dependencies",
        "This file is @generated automatically"
    ],
    "content-hash": "1a88722fcba8c65189e2f5c05a7662d6",
    "packages": [
        {
            "name": "gasparesganga/php-shapefile",
            "version": "v3.1.3",
            "source": {
                "type": "git",
                "url": "https://github.com/gasparesganga/php-shapefile.git",
                "reference": "b165764b67cc2192480e565ee745a658d600adcf"
            },
            "dist": {
                "type": "zip",
                "url": "https://api.github.com/repos/gasparesganga/php-shapefile/zipball/b165764b67cc2192480e565ee745a658d600adcf",
                "reference": "b165764b67cc2192480e565ee745a658d600adcf",
                "shasum": ""
            },
            "require": {
                "php": ">=5.4.0"
            },
            "type": "library",
            "autoload": {
                "psr-4": {
                    "Shapefile\\": "src/Shapefile/"
                }
            },
            "notification-url": "https://packagist.org/downloads/",
            "license": [
                "MIT"
            ],
            "authors": [
                {
                    "name": "Gaspare Sganga",
                    "email": "contact@gasparesganga.com",
                    "homepage": "https://gasparesganga.com/labs/php-shapefile/",
                    "role": "Developer"
                }
            ],
            "description": "PHP library to read and write ESRI Shapefiles, compatible with WKT and GeoJSON",
            "homepage": "https://gasparesganga.com/labs/php-shapefile/",
            "keywords": [
                "ESRI",
                "Shapefile",
                "dbf",
                "geojson",
                "shape",
                "shp",
                "wkt"
            ],
            "time": "2020-02-02T15:34:02+00:00"
        },
        {
            "name": "vaderlab/geometry_utils",
            "version": "dev-master",
            "source": {
                "type": "git",
                "url": "https://github.com/Asisyas/polygon_utils.git",
                "reference": "d2a93e7d0b137b621ba07a8aa004e5592009ee35"
            },
            "dist": {
                "type": "zip",
                "url": "https://api.github.com/repos/Asisyas/polygon_utils/zipball/d2a93e7d0b137b621ba07a8aa004e5592009ee35",
                "reference": "d2a93e7d0b137b621ba07a8aa004e5592009ee35",
                "shasum": ""
            },
            "require": {
                "php": ">=7.0"
            },
            "require-dev": {
                "phpunit/phpunit": "5.5.*"
            },
            "type": "library",
            "autoload": {
                "psr-4": {
                    "MartinezRueda\\": "src/"
                }
            },
            "notification-url": "https://packagist.org/downloads/",
            "authors": [
                {
                    "name": "Dmitry Kubitsky",
                    "email": "kudm761@gmail.com",
                    "role": "Developer"
                }
            ],
            "description": "Martinez-Rueda algorithm for polygon boolean operations",
            "keywords": [
                "geography",
                "martinez php",
                "martinez polygon algorithm",
                "polygon boolean operations",
                "polygon clipping",
                "polygon difference",
                "polygon intersection",
                "polygon union",
                "polygon xor"
            ],
            "time": "2017-11-29T12:44:18+00:00"
        }
    ],
    "packages-dev": [],
    "aliases": [],
    "minimum-stability": "stable",
    "stability-flags": {
        "vaderlab/geometry_utils": 20
    },
    "prefer-stable": false,
    "prefer-lowest": false,
    "platform": [],
    "platform-dev": []
}
